
Microsoft Visual Studio Solution File, Format Version 12.00
# Visual Studio Version 17
VisualStudioVersion = 17.10.35013.160
MinimumVisualStudioVersion = 10.0.40219.1
Project("{9A19103F-16F7-4668-BE54-9A1E7A4F7556}") = "RazorPagesTasks", "RazorPagesTasks\RazorPagesTasks.csproj", "{5A056501-022B-4DB8-AF31-5EF4BC7B466C}"
EndProject
Project("{FAE04EC0-301F-11D3-BF4B-00C04F79EFBC}") = "CinemaWebApp", "CinemaWebApp\CinemaWebApp.csproj", "{DBB0D9D1-8CD3-4903-9D54-E8CC135CCA48}"
EndProject
Global
	GlobalSection(SolutionConfigurationPlatforms) = preSolution
		Debug|Any CPU = Debug|Any CPU
		Release|Any CPU = Release|Any CPU
	EndGlobalSection
	GlobalSection(ProjectConfigurationPlatforms) = postSolution
		{5A056501-022B-4DB8-AF31-5EF4BC7B466C}.Debug|Any CPU.ActiveCfg = Debug|Any CPU
		{5A056501-022B-4DB8-AF31-5EF4BC7B466C}.Debug|Any CPU.Build.0 = Debug|Any CPU
		{5A056501-022B-4DB8-AF31-5EF4BC7B466C}.Release|Any CPU.ActiveCfg = Release|Any CPU
		{5A056501-022B-4DB8-AF31-5EF4BC7B466C}.Release|Any CPU.Build.0 = Release|Any CPU
		{DBB0D9D1-8CD3-4903-9D54-E8CC135CCA48}.Debug|Any CPU.ActiveCfg = Debug|Any CPU
		{DBB0D9D1-8CD3-4903-9D54-E8CC135CCA48}.Debug|Any CPU.Build.0 = Debug|Any CPU
		{DBB0D9D1-8CD3-4903-9D54-E8CC135CCA48}.Release|Any CPU.ActiveCfg = Release|Any CPU
		{DBB0D9D1-8CD3-4903-9D54-E8CC135CCA48}.Release|Any CPU.Build.0 = Release|Any CPU
	EndGlobalSection
	GlobalSection(SolutionProperties) = preSolution
		HideSolutionNode = FALSE
	EndGlobalSection
	GlobalSection(ExtensibilityGlobals) = postSolution
		SolutionGuid = {7A430DF6-C13C-4593-B19F-904DDF305688}
	EndGlobalSection
EndGlobal
